// !$*UTF8*$!
{
	archiveVersion = 1;
	classes = {
	};
	objectVersion = 46;
	objects = {

/* Begin PBXBuildFile section */
		038A3E6E1E4626DF00F29FBE /* Synchronized.swift in Sources */ = {isa = PBXBuildFile; fileRef = 038A3E6D1E4626DF00F29FBE /* Synchronized.swift */; };
		038A3E731E4629AF00F29FBE /* SynchronizedTests.swift in Sources */ = {isa = PBXBuildFile; fileRef = 038A3E711E46299800F29FBE /* SynchronizedTests.swift */; };
		038A3E7B1E48A50E00F29FBE /* LockTests.swift in Sources */ = {isa = PBXBuildFile; fileRef = 038A3E7A1E48A50E00F29FBE /* LockTests.swift */; };
		038A3E801E49051500F29FBE /* AsynchronousTestCase.swift in Sources */ = {isa = PBXBuildFile; fileRef = 038A3E7E1E49051500F29FBE /* AsynchronousTestCase.swift */; };
		038A3E811E49051500F29FBE /* TestUtilities.swift in Sources */ = {isa = PBXBuildFile; fileRef = 038A3E7F1E49051500F29FBE /* TestUtilities.swift */; };
		038A3EBE1E4A8D7800F29FBE /* Lock.swift in Sources */ = {isa = PBXBuildFile; fileRef = 038A3EB81E4A8D7800F29FBE /* Lock.swift */; };
		038A3EBF1E4A8D7800F29FBE /* MutexLock.swift in Sources */ = {isa = PBXBuildFile; fileRef = 038A3EB91E4A8D7800F29FBE /* MutexLock.swift */; };
		038A3EC01E4A8D7800F29FBE /* QueueLock.swift in Sources */ = {isa = PBXBuildFile; fileRef = 038A3EBA1E4A8D7800F29FBE /* QueueLock.swift */; };
		038A3EC11E4A8D7800F29FBE /* ReadWriteLock.swift in Sources */ = {isa = PBXBuildFile; fileRef = 038A3EBB1E4A8D7800F29FBE /* ReadWriteLock.swift */; };
		038A3EC21E4A8D7800F29FBE /* SemaphoreLock.swift in Sources */ = {isa = PBXBuildFile; fileRef = 038A3EBC1E4A8D7800F29FBE /* SemaphoreLock.swift */; };
		038A3EC31E4A8D7800F29FBE /* UnfairLock.swift in Sources */ = {isa = PBXBuildFile; fileRef = 038A3EBD1E4A8D7800F29FBE /* UnfairLock.swift */; };
		OBJ_21 /* Observable.swift in Sources */ = {isa = PBXBuildFile; fileRef = OBJ_9 /* Observable.swift */; };
		OBJ_28 /* ObservableTests.swift in Sources */ = {isa = PBXBuildFile; fileRef = OBJ_12 /* ObservableTests.swift */; };
		OBJ_30 /* BonBon.framework in Frameworks */ = {isa = PBXBuildFile; fileRef = OBJ_14 /* BonBon.framework */; };
/* End PBXBuildFile section */

/* Begin PBXContainerItemProxy section */
		038A3E6A1E455C5C00F29FBE /* PBXContainerItemProxy */ = {
			isa = PBXContainerItemProxy;
			containerPortal = OBJ_1 /* Project object */;
			proxyType = 1;
			remoteGlobalIDString = OBJ_16;
			remoteInfo = BonBon;
		};
/* End PBXContainerItemProxy section */

/* Begin PBXFileReference section */
		038A3E6D1E4626DF00F29FBE /* Synchronized.swift */ = {isa = PBXFileReference; fileEncoding = 4; lastKnownFileType = sourcecode.swift; path = Synchronized.swift; sourceTree = "<group>"; };
		038A3E711E46299800F29FBE /* SynchronizedTests.swift */ = {isa = PBXFileReference; fileEncoding = 4; lastKnownFileType = sourcecode.swift; path = SynchronizedTests.swift; sourceTree = "<group>"; };
		038A3E7A1E48A50E00F29FBE /* LockTests.swift */ = {isa = PBXFileReference; fileEncoding = 4; lastKnownFileType = sourcecode.swift; path = LockTests.swift; sourceTree = "<group>"; };
		038A3E7E1E49051500F29FBE /* AsynchronousTestCase.swift */ = {isa = PBXFileReference; fileEncoding = 4; lastKnownFileType = sourcecode.swift; path = AsynchronousTestCase.swift; sourceTree = "<group>"; };
		038A3E7F1E49051500F29FBE /* TestUtilities.swift */ = {isa = PBXFileReference; fileEncoding = 4; lastKnownFileType = sourcecode.swift; path = TestUtilities.swift; sourceTree = "<group>"; };
		038A3EB81E4A8D7800F29FBE /* Lock.swift */ = {isa = PBXFileReference; fileEncoding = 4; lastKnownFileType = sourcecode.swift; path = Lock.swift; sourceTree = "<group>"; };
		038A3EB91E4A8D7800F29FBE /* MutexLock.swift */ = {isa = PBXFileReference; fileEncoding = 4; lastKnownFileType = sourcecode.swift; path = MutexLock.swift; sourceTree = "<group>"; };
		038A3EBA1E4A8D7800F29FBE /* QueueLock.swift */ = {isa = PBXFileReference; fileEncoding = 4; lastKnownFileType = sourcecode.swift; path = QueueLock.swift; sourceTree = "<group>"; };
		038A3EBB1E4A8D7800F29FBE /* ReadWriteLock.swift */ = {isa = PBXFileReference; fileEncoding = 4; lastKnownFileType = sourcecode.swift; path = ReadWriteLock.swift; sourceTree = "<group>"; };
		038A3EBC1E4A8D7800F29FBE /* SemaphoreLock.swift */ = {isa = PBXFileReference; fileEncoding = 4; lastKnownFileType = sourcecode.swift; path = SemaphoreLock.swift; sourceTree = "<group>"; };
		038A3EBD1E4A8D7800F29FBE /* UnfairLock.swift */ = {isa = PBXFileReference; fileEncoding = 4; lastKnownFileType = sourcecode.swift; path = UnfairLock.swift; sourceTree = "<group>"; };
		OBJ_12 /* ObservableTests.swift */ = {isa = PBXFileReference; lastKnownFileType = sourcecode.swift; path = ObservableTests.swift; sourceTree = "<group>"; };
		OBJ_14 /* BonBon.framework */ = {isa = PBXFileReference; explicitFileType = wrapper.framework; path = BonBon.framework; sourceTree = BUILT_PRODUCTS_DIR; };
		OBJ_15 /* BonBonTests.xctest */ = {isa = PBXFileReference; lastKnownFileType = file; path = BonBonTests.xctest; sourceTree = BUILT_PRODUCTS_DIR; };
		OBJ_6 /* Package.swift */ = {isa = PBXFileReference; explicitFileType = sourcecode.swift; path = Package.swift; sourceTree = "<group>"; };
		OBJ_9 /* Observable.swift */ = {isa = PBXFileReference; lastKnownFileType = sourcecode.swift; path = Observable.swift; sourceTree = "<group>"; };
/* End PBXFileReference section */

/* Begin PBXFrameworksBuildPhase section */
		OBJ_22 /* Frameworks */ = {
			isa = PBXFrameworksBuildPhase;
			buildActionMask = 0;
			files = (
			);
			runOnlyForDeploymentPostprocessing = 0;
		};
		OBJ_29 /* Frameworks */ = {
			isa = PBXFrameworksBuildPhase;
			buildActionMask = 0;
			files = (
				OBJ_30 /* BonBon.framework in Frameworks */,
			);
			runOnlyForDeploymentPostprocessing = 0;
		};
/* End PBXFrameworksBuildPhase section */

/* Begin PBXGroup section */
		038A3E821E49051900F29FBE /* Utilities */ = {
			isa = PBXGroup;
			children = (
				038A3E7E1E49051500F29FBE /* AsynchronousTestCase.swift */,
				038A3E7F1E49051500F29FBE /* TestUtilities.swift */,
			);
			name = Utilities;
			sourceTree = "<group>";
		};
		038A3E831E4A73AC00F29FBE /* Locks */ = {
			isa = PBXGroup;
			children = (
				038A3EB81E4A8D7800F29FBE /* Lock.swift */,
				038A3EB91E4A8D7800F29FBE /* MutexLock.swift */,
				038A3EBB1E4A8D7800F29FBE /* ReadWriteLock.swift */,
				038A3EBC1E4A8D7800F29FBE /* SemaphoreLock.swift */,
				038A3EBA1E4A8D7800F29FBE /* QueueLock.swift */,
				038A3EBD1E4A8D7800F29FBE /* UnfairLock.swift */,
			);
			name = Locks;
			sourceTree = "<group>";
		};
		038A3EC41E4A8D8600F29FBE /* Wrappers */ = {
			isa = PBXGroup;
			children = (
				OBJ_9 /* Observable.swift */,
				038A3E6D1E4626DF00F29FBE /* Synchronized.swift */,
			);
			name = Wrappers;
			sourceTree = "<group>";
		};
		OBJ_10 /* Tests */ = {
			isa = PBXGroup;
			children = (
				OBJ_11 /* BonBonTests */,
			);
			path = Tests;
			sourceTree = "<group>";
		};
		OBJ_11 /* BonBonTests */ = {
			isa = PBXGroup;
			children = (
				038A3E821E49051900F29FBE /* Utilities */,
				OBJ_12 /* ObservableTests.swift */,
				038A3E711E46299800F29FBE /* SynchronizedTests.swift */,
				038A3E7A1E48A50E00F29FBE /* LockTests.swift */,
			);
			name = BonBonTests;
			path = Tests/BonBonTests;
			sourceTree = SOURCE_ROOT;
		};
		OBJ_13 /* Products */ = {
			isa = PBXGroup;
			children = (
				OBJ_14 /* BonBon.framework */,
				OBJ_15 /* BonBonTests.xctest */,
			);
			name = Products;
			sourceTree = BUILT_PRODUCTS_DIR;
		};
		OBJ_5 = {
			isa = PBXGroup;
			children = (
				OBJ_6 /* Package.swift */,
				OBJ_7 /* Sources */,
				OBJ_10 /* Tests */,
				OBJ_13 /* Products */,
			);
			sourceTree = "<group>";
		};
		OBJ_7 /* Sources */ = {
			isa = PBXGroup;
			children = (
				OBJ_8 /* BonBon */,
			);
			path = Sources;
			sourceTree = "<group>";
		};
		OBJ_8 /* BonBon */ = {
			isa = PBXGroup;
			children = (
				038A3EC41E4A8D8600F29FBE /* Wrappers */,
				038A3E831E4A73AC00F29FBE /* Locks */,
			);
			name = BonBon;
			path = Sources;
			sourceTree = SOURCE_ROOT;
		};
/* End PBXGroup section */

/* Begin PBXNativeTarget section */
		OBJ_16 /* BonBon */ = {
			isa = PBXNativeTarget;
			buildConfigurationList = OBJ_17 /* Build configuration list for PBXNativeTarget "BonBon" */;
			buildPhases = (
				OBJ_20 /* Sources */,
				OBJ_22 /* Frameworks */,
			);
			buildRules = (
			);
			dependencies = (
			);
			name = BonBon;
			productName = BonBon;
			productReference = OBJ_14 /* BonBon.framework */;
			productType = "com.apple.product-type.framework";
		};
		OBJ_23 /* BonBonTests */ = {
			isa = PBXNativeTarget;
			buildConfigurationList = OBJ_24 /* Build configuration list for PBXNativeTarget "BonBonTests" */;
			buildPhases = (
				OBJ_27 /* Sources */,
				OBJ_29 /* Frameworks */,
			);
			buildRules = (
			);
			dependencies = (
				OBJ_31 /* PBXTargetDependency */,
			);
			name = BonBonTests;
			productName = BonBonTests;
			productReference = OBJ_15 /* BonBonTests.xctest */;
			productType = "com.apple.product-type.bundle.unit-test";
		};
/* End PBXNativeTarget section */

/* Begin PBXProject section */
		OBJ_1 /* Project object */ = {
			isa = PBXProject;
			attributes = {
				LastUpgradeCheck = 9999;
			};
			buildConfigurationList = OBJ_2 /* Build configuration list for PBXProject "BonBon" */;
			compatibilityVersion = "Xcode 3.2";
			developmentRegion = English;
			hasScannedForEncodings = 0;
			knownRegions = (
				en,
			);
			mainGroup = OBJ_5;
			productRefGroup = OBJ_13 /* Products */;
			projectDirPath = "";
			projectRoot = "";
			targets = (
				OBJ_16 /* BonBon */,
				OBJ_23 /* BonBonTests */,
			);
		};
/* End PBXProject section */

/* Begin PBXSourcesBuildPhase section */
		OBJ_20 /* Sources */ = {
			isa = PBXSourcesBuildPhase;
			buildActionMask = 0;
			files = (
				038A3EC11E4A8D7800F29FBE /* ReadWriteLock.swift in Sources */,
				038A3EC31E4A8D7800F29FBE /* UnfairLock.swift in Sources */,
				OBJ_21 /* Observable.swift in Sources */,
				038A3EC01E4A8D7800F29FBE /* QueueLock.swift in Sources */,
				038A3EBE1E4A8D7800F29FBE /* Lock.swift in Sources */,
				038A3EC21E4A8D7800F29FBE /* SemaphoreLock.swift in Sources */,
				038A3EBF1E4A8D7800F29FBE /* MutexLock.swift in Sources */,
				038A3E6E1E4626DF00F29FBE /* Synchronized.swift in Sources */,
			);
			runOnlyForDeploymentPostprocessing = 0;
		};
		OBJ_27 /* Sources */ = {
			isa = PBXSourcesBuildPhase;
			buildActionMask = 0;
			files = (
				038A3E731E4629AF00F29FBE /* SynchronizedTests.swift in Sources */,
				038A3E801E49051500F29FBE /* AsynchronousTestCase.swift in Sources */,
				OBJ_28 /* ObservableTests.swift in Sources */,
				038A3E811E49051500F29FBE /* TestUtilities.swift in Sources */,
				038A3E7B1E48A50E00F29FBE /* LockTests.swift in Sources */,
			);
			runOnlyForDeploymentPostprocessing = 0;
		};
/* End PBXSourcesBuildPhase section */

/* Begin PBXTargetDependency section */
		OBJ_31 /* PBXTargetDependency */ = {
			isa = PBXTargetDependency;
			target = OBJ_16 /* BonBon */;
			targetProxy = 038A3E6A1E455C5C00F29FBE /* PBXContainerItemProxy */;
		};
/* End PBXTargetDependency section */

/* Begin XCBuildConfiguration section */
		OBJ_18 /* Debug */ = {
			isa = XCBuildConfiguration;
			buildSettings = {
				ENABLE_TESTABILITY = YES;
				FRAMEWORK_SEARCH_PATHS = (
					"$(inherited)",
					"$(PLATFORM_DIR)/Developer/Library/Frameworks",
				);
				HEADER_SEARCH_PATHS = "$(inherited)";
				INFOPLIST_FILE = BonBon.xcodeproj/BonBon_Info.plist;
				LD_RUNPATH_SEARCH_PATHS = "$(TOOLCHAIN_DIR)/usr/lib/swift/macosx";
				OTHER_LDFLAGS = "$(inherited)";
				OTHER_SWIFT_FLAGS = "$(inherited)";
				PRODUCT_BUNDLE_IDENTIFIER = BonBon;
				PRODUCT_MODULE_NAME = "$(TARGET_NAME:c99extidentifier)";
				PRODUCT_NAME = "$(TARGET_NAME:c99extidentifier)";
				TARGET_NAME = BonBon;
			};
			name = Debug;
		};
		OBJ_19 /* Release */ = {
			isa = XCBuildConfiguration;
			buildSettings = {
				ENABLE_TESTABILITY = YES;
				FRAMEWORK_SEARCH_PATHS = (
					"$(inherited)",
					"$(PLATFORM_DIR)/Developer/Library/Frameworks",
				);
				HEADER_SEARCH_PATHS = "$(inherited)";
				INFOPLIST_FILE = BonBon.xcodeproj/BonBon_Info.plist;
				LD_RUNPATH_SEARCH_PATHS = "$(TOOLCHAIN_DIR)/usr/lib/swift/macosx";
				OTHER_LDFLAGS = "$(inherited)";
				OTHER_SWIFT_FLAGS = "$(inherited)";
				PRODUCT_BUNDLE_IDENTIFIER = BonBon;
				PRODUCT_MODULE_NAME = "$(TARGET_NAME:c99extidentifier)";
				PRODUCT_NAME = "$(TARGET_NAME:c99extidentifier)";
				TARGET_NAME = BonBon;
			};
			name = Release;
		};
		OBJ_25 /* Debug */ = {
			isa = XCBuildConfiguration;
			buildSettings = {
				EMBEDDED_CONTENT_CONTAINS_SWIFT = YES;
				FRAMEWORK_SEARCH_PATHS = (
					"$(inherited)",
					"$(PLATFORM_DIR)/Developer/Library/Frameworks",
				);
				HEADER_SEARCH_PATHS = "$(inherited)";
				INFOPLIST_FILE = BonBon.xcodeproj/BonBonTests_Info.plist;
				LD_RUNPATH_SEARCH_PATHS = "@loader_path/../Frameworks";
				OTHER_LDFLAGS = "$(inherited)";
				OTHER_SWIFT_FLAGS = "$(inherited)";
				TARGET_NAME = BonBonTests;
			};
			name = Debug;
		};
		OBJ_26 /* Release */ = {
			isa = XCBuildConfiguration;
			buildSettings = {
				EMBEDDED_CONTENT_CONTAINS_SWIFT = YES;
				FRAMEWORK_SEARCH_PATHS = (
					"$(inherited)",
					"$(PLATFORM_DIR)/Developer/Library/Frameworks",
				);
				HEADER_SEARCH_PATHS = "$(inherited)";
				INFOPLIST_FILE = BonBon.xcodeproj/BonBonTests_Info.plist;
				LD_RUNPATH_SEARCH_PATHS = "@loader_path/../Frameworks";
				OTHER_LDFLAGS = "$(inherited)";
				OTHER_SWIFT_FLAGS = "$(inherited)";
				TARGET_NAME = BonBonTests;
			};
			name = Release;
		};
		OBJ_3 /* Debug */ = {
			isa = XCBuildConfiguration;
			buildSettings = {
				COMBINE_HIDPI_IMAGES = YES;
				COPY_PHASE_STRIP = NO;
				DEBUG_INFORMATION_FORMAT = dwarf;
				DYLIB_INSTALL_NAME_BASE = "@rpath";
				ENABLE_NS_ASSERTIONS = YES;
				GCC_OPTIMIZATION_LEVEL = 0;
				MACOSX_DEPLOYMENT_TARGET = 10.10;
				ONLY_ACTIVE_ARCH = YES;
				OTHER_SWIFT_FLAGS = "-DXcode";
				PRODUCT_NAME = "$(TARGET_NAME)";
				SDKROOT = macosx;
				SUPPORTED_PLATFORMS = "macosx iphoneos iphonesimulator appletvos appletvsimulator watchos watchsimulator";
				SWIFT_ACTIVE_COMPILATION_CONDITIONS = SWIFT_PACKAGE;
				SWIFT_OPTIMIZATION_LEVEL = "-Onone";
				SWIFT_VERSION = 3.0;
				USE_HEADERMAP = NO;
			};
			name = Debug;
		};
		OBJ_4 /* Release */ = {
			isa = XCBuildConfiguration;
			buildSettings = {
				COMBINE_HIDPI_IMAGES = YES;
				COPY_PHASE_STRIP = YES;
				DEBUG_INFORMATION_FORMAT = "dwarf-with-dsym";
				DYLIB_INSTALL_NAME_BASE = "@rpath";
				GCC_OPTIMIZATION_LEVEL = s;
				MACOSX_DEPLOYMENT_TARGET = 10.10;
				OTHER_SWIFT_FLAGS = "-DXcode";
				PRODUCT_NAME = "$(TARGET_NAME)";
				SDKROOT = macosx;
				SUPPORTED_PLATFORMS = "macosx iphoneos iphonesimulator appletvos appletvsimulator watchos watchsimulator";
				SWIFT_ACTIVE_COMPILATION_CONDITIONS = SWIFT_PACKAGE;
				SWIFT_OPTIMIZATION_LEVEL = "-O";
				SWIFT_VERSION = 3.0;
				USE_HEADERMAP = NO;
			};
			name = Release;
		};
/* End XCBuildConfiguration section */

/* Begin XCConfigurationList section */
		OBJ_17 /* Build configuration list for PBXNativeTarget "BonBon" */ = {
			isa = XCConfigurationList;
			buildConfigurations = (
				OBJ_18 /* Debug */,
				OBJ_19 /* Release */,
			);
			defaultConfigurationIsVisible = 0;
			defaultConfigurationName = Debug;
		};
		OBJ_2 /* Build configuration list for PBXProject "BonBon" */ = {
			isa = XCConfigurationList;
			buildConfigurations = (
				OBJ_3 /* Debug */,
				OBJ_4 /* Release */,
			);
			defaultConfigurationIsVisible = 0;
			defaultConfigurationName = Debug;
		};
		OBJ_24 /* Build configuration list for PBXNativeTarget "BonBonTests" */ = {
			isa = XCConfigurationList;
			buildConfigurations = (
				OBJ_25 /* Debug */,
				OBJ_26 /* Release */,
			);
			defaultConfigurationIsVisible = 0;
			defaultConfigurationName = Debug;
		};
/* End XCConfigurationList section */
	};
	rootObject = OBJ_1 /* Project object */;
}
